
Microsoft Visual Studio Solution File, Format Version 12.00
# Visual Studio Version 17
VisualStudioVersion = 17.5.33424.131
MinimumVisualStudioVersion = 10.0.40219.1
Project("{FAE04EC0-301F-11D3-BF4B-00C04F79EFBC}") = "App_Restaurante", "App_Restaurante\App_Restaurante.csproj", "{114943FD-1541-4D8F-BA02-12D4071CF350}"
EndProject
Global
	GlobalSection(SolutionConfigurationPlatforms) = preSolution
		Debug|Any CPU = Debug|Any CPU
		Release|Any CPU = Release|Any CPU
	EndGlobalSection
	GlobalSection(ProjectConfigurationPlatforms) = postSolution
		{114943FD-1541-4D8F-BA02-12D4071CF350}.Debug|Any CPU.ActiveCfg = Debug|Any CPU
		{114943FD-1541-4D8F-BA02-12D4071CF350}.Debug|Any CPU.Build.0 = Debug|Any CPU
		{114943FD-1541-4D8F-BA02-12D4071CF350}.Release|Any CPU.ActiveCfg = Release|Any CPU
		{114943FD-1541-4D8F-BA02-12D4071CF350}.Release|Any CPU.Build.0 = Release|Any CPU
	EndGlobalSection
	GlobalSection(SolutionProperties) = preSolution
		HideSolutionNode = FALSE
	EndGlobalSection
	GlobalSection(ExtensibilityGlobals) = postSolution
		SolutionGuid = {48B519CD-1C7A-4362-8877-AEBB3636C50D}
	EndGlobalSection
EndGlobal
